// !$*UTF8*$!
{
	archiveVersion = 1;
	classes = {
	};
	objectVersion = 46;
	objects = {

/* Begin PBXBuildFile section */
		7C1E237118127CCC00F2F842 /* Images.xcassets in Resources */ = {isa = PBXBuildFile; fileRef = 7C1E237018127CCC00F2F842 /* Images.xcassets */; };
		7C239E5217AD1C0800794B2C /* TransparentToolBar.m in Sources */ = {isa = PBXBuildFile; fileRef = 7C239E5117AD1BF000794B2C /* TransparentToolBar.m */; };
		7C5E8A2415FA159000E4DBAC /* UIKit.framework in Frameworks */ = {isa = PBXBuildFile; fileRef = 7C5E8A2315FA159000E4DBAC /* UIKit.framework */; };
		7C5E8A2615FA159000E4DBAC /* Foundation.framework in Frameworks */ = {isa = PBXBuildFile; fileRef = 7C5E8A2515FA159000E4DBAC /* Foundation.framework */; };
		7C5E8A2815FA159000E4DBAC /* CoreGraphics.framework in Frameworks */ = {isa = PBXBuildFile; fileRef = 7C5E8A2715FA159000E4DBAC /* CoreGraphics.framework */; };
		7C5E8A2E15FA159000E4DBAC /* InfoPlist.strings in Resources */ = {isa = PBXBuildFile; fileRef = 7C5E8A2C15FA159000E4DBAC /* InfoPlist.strings */; };
		7C5E8A3015FA159000E4DBAC /* main.m in Sources */ = {isa = PBXBuildFile; fileRef = 7C5E8A2F15FA159000E4DBAC /* main.m */; };
		7C5E8A5E15FA15DD00E4DBAC /* FBDialog.bundle in Resources */ = {isa = PBXBuildFile; fileRef = 7C5E8A5115FA15DD00E4DBAC /* FBDialog.bundle */; };
		7C5E8A5F15FA15DD00E4DBAC /* libfacebook_ios_sdk.a in Frameworks */ = {isa = PBXBuildFile; fileRef = 7C5E8A5715FA15DD00E4DBAC /* libfacebook_ios_sdk.a */; };
		7C5E8AB615FA198C00E4DBAC /* ConfigObject.m in Sources */ = {isa = PBXBuildFile; fileRef = 7C5E8A6615FA164400E4DBAC /* ConfigObject.m */; };
		7C5E8AB815FA198C00E4DBAC /* AdminDashBoard.m in Sources */ = {isa = PBXBuildFile; fileRef = 7C5E8A6B15FA166800E4DBAC /* AdminDashBoard.m */; };
		7C5E8AB915FA198C00E4DBAC /* Report.m in Sources */ = {isa = PBXBuildFile; fileRef = 7C5E8A6D15FA166800E4DBAC /* Report.m */; };
		7C5E8ABA15FA198C00E4DBAC /* Help.m in Sources */ = {isa = PBXBuildFile; fileRef = 7C5E8A6F15FA166800E4DBAC /* Help.m */; };
		7C5E8ABB15FA198C00E4DBAC /* TermsAndConditions.m in Sources */ = {isa = PBXBuildFile; fileRef = 7C5E8A7115FA166800E4DBAC /* TermsAndConditions.m */; };
		7C5E8ABC15FA198C00E4DBAC /* HowtoUse.m in Sources */ = {isa = PBXBuildFile; fileRef = 7C5E8A7315FA166800E4DBAC /* HowtoUse.m */; };
		7C5E8ABD15FA198C00E4DBAC /* Start.m in Sources */ = {isa = PBXBuildFile; fileRef = 7C5E8A7615FA168800E4DBAC /* Start.m */; };
		7C5E8ABE15FA198C00E4DBAC /* FreeVideosClass.m in Sources */ = {isa = PBXBuildFile; fileRef = 7C5E8A7815FA168800E4DBAC /* FreeVideosClass.m */; };
		7C5E8ABF15FA198C00E4DBAC /* VideoPlayer.m in Sources */ = {isa = PBXBuildFile; fileRef = 7C5E8A7A15FA168800E4DBAC /* VideoPlayer.m */; };
		7C5E8AC015FA198C00E4DBAC /* Buy.m in Sources */ = {isa = PBXBuildFile; fileRef = 7C5E8A7C15FA168800E4DBAC /* Buy.m */; };
		7C5E8AC115FA198C00E4DBAC /* CustomStoreObserver.m in Sources */ = {isa = PBXBuildFile; fileRef = 7C5E8A7E15FA168800E4DBAC /* CustomStoreObserver.m */; };
		7C5E8AC215FA198C00E4DBAC /* CustomCell.m in Sources */ = {isa = PBXBuildFile; fileRef = 7C5E8A8015FA168800E4DBAC /* CustomCell.m */; };
		7C5E8AC315FA198C00E4DBAC /* Share.m in Sources */ = {isa = PBXBuildFile; fileRef = 7C5E8A8215FA168800E4DBAC /* Share.m */; };
		7C5E8AC415FA198C00E4DBAC /* AppDelegate.m in Sources */ = {isa = PBXBuildFile; fileRef = 7C5E8AAE15FA179500E4DBAC /* AppDelegate.m */; };
		7C5E8AC515FA198C00E4DBAC /* TabBar.m in Sources */ = {isa = PBXBuildFile; fileRef = 7C5E8AB015FA179500E4DBAC /* TabBar.m */; };
		7C5E8AC615FA198C00E4DBAC /* ActivityIndicator.m in Sources */ = {isa = PBXBuildFile; fileRef = 7C5E8AB215FA179500E4DBAC /* ActivityIndicator.m */; };
		7C5E8AC915FA19B900E4DBAC /* CFNetwork.framework in Frameworks */ = {isa = PBXBuildFile; fileRef = 7C5E8AC815FA19B900E4DBAC /* CFNetwork.framework */; };
		7C5E8ACB15FA19C000E4DBAC /* MessageUI.framework in Frameworks */ = {isa = PBXBuildFile; fileRef = 7C5E8ACA15FA19C000E4DBAC /* MessageUI.framework */; };
		7C5E8ACD15FA19C700E4DBAC /* StoreKit.framework in Frameworks */ = {isa = PBXBuildFile; fileRef = 7C5E8ACC15FA19C700E4DBAC /* StoreKit.framework */; };
		7C5E8ACF15FA19CF00E4DBAC /* MediaPlayer.framework in Frameworks */ = {isa = PBXBuildFile; fileRef = 7C5E8ACE15FA19CF00E4DBAC /* MediaPlayer.framework */; };
		7C5E8AD115FA19D900E4DBAC /* SystemConfiguration.framework in Frameworks */ = {isa = PBXBuildFile; fileRef = 7C5E8AD015FA19D900E4DBAC /* SystemConfiguration.framework */; };
		7C5E8AD315FA19E200E4DBAC /* Twitter.framework in Frameworks */ = {isa = PBXBuildFile; fileRef = 7C5E8AD215FA19E200E4DBAC /* Twitter.framework */; };
		7C5E8AD515FA19F800E4DBAC /* libsqlite3.dylib in Frameworks */ = {isa = PBXBuildFile; fileRef = 7C5E8AD415FA19F800E4DBAC /* libsqlite3.dylib */; };
		7C5E8AD615FA1A2A00E4DBAC /* Reachability.m in Sources */ = {isa = PBXBuildFile; fileRef = 7C5E8AB515FA195000E4DBAC /* Reachability.m */; settings = {COMPILER_FLAGS = "-fno-objc-arc"; }; };
		7C5E8B8215FA216300E4DBAC /* libGoogleAnalytics.a in Frameworks */ = {isa = PBXBuildFile; fileRef = 7C5E8A6215FA15F800E4DBAC /* libGoogleAnalytics.a */; };
		7C6BE4BF16E791DF00122F68 /* ListCell.m in Sources */ = {isa = PBXBuildFile; fileRef = 7C6BE4BE16E7900500122F68 /* ListCell.m */; };
		7C87DEAD173533C200D5C5AB /* MainWindow.xib in Resources */ = {isa = PBXBuildFile; fileRef = 7C87DEAC173533C200D5C5AB /* MainWindow.xib */; };
		7C87DEB01735341500D5C5AB /* LearnersCloudSamplesVideos.m in Sources */ = {isa = PBXBuildFile; fileRef = 7C87DEAB1735339C00D5C5AB /* LearnersCloudSamplesVideos.m */; };
		7C87DEB11735341500D5C5AB /* TrailerPlayer.m in Sources */ = {isa = PBXBuildFile; fileRef = 7C87DEAF173533D900D5C5AB /* TrailerPlayer.m */; };
		7C87DEB31735342600D5C5AB /* AVFoundation.framework in Frameworks */ = {isa = PBXBuildFile; fileRef = 7C87DEB21735342600D5C5AB /* AVFoundation.framework */; };
		7CAE9EE51626CD1F00474CD2 /* UnderlinedButton.m in Sources */ = {isa = PBXBuildFile; fileRef = 7CAE9EE41626CD0200474CD2 /* UnderlinedButton.m */; };
		7CAE9EF41626DCF100474CD2 /* LearnersCloudTermsonapps.pdf in Resources */ = {isa = PBXBuildFile; fileRef = 7CAE9EF31626DCF100474CD2 /* LearnersCloudTermsonapps.pdf */; };
		7CD6D99116974416004BCB15 /* GCSE-Physics-WJEC-Examination-Coverage.pdf in Resources */ = {isa = PBXBuildFile; fileRef = 7CD6D98B16974416004BCB15 /* GCSE-Physics-WJEC-Examination-Coverage.pdf */; };
		7CD6D99216974416004BCB15 /* GCSE-Physics-OCR-Gateway-B-Examination-Coverage.pdf in Resources */ = {isa = PBXBuildFile; fileRef = 7CD6D98C16974416004BCB15 /* GCSE-Physics-OCR-Gateway-B-Examination-Coverage.pdf */; };
		7CD6D99316974416004BCB15 /* GCSE-Physics-OCR-21st-Century-A-Examination Coverage.pdf in Resources */ = {isa = PBXBuildFile; fileRef = 7CD6D98D16974416004BCB15 /* GCSE-Physics-OCR-21st-Century-A-Examination Coverage.pdf */; };
		7CD6D99416974416004BCB15 /* GCSE-Physics-Edexcel-Examination-Coverage.pdf in Resources */ = {isa = PBXBuildFile; fileRef = 7CD6D98E16974416004BCB15 /* GCSE-Physics-Edexcel-Examination-Coverage.pdf */; };
		7CD6D99516974416004BCB15 /* GCSE-Physics-CCEA-Examination-Coverage.pdf in Resources */ = {isa = PBXBuildFile; fileRef = 7CD6D98F16974416004BCB15 /* GCSE-Physics-CCEA-Examination-Coverage.pdf */; };
		7CD6D99616974416004BCB15 /* GCSE-Physics-AQA-Examination-Coverage.pdf in Resources */ = {isa = PBXBuildFile; fileRef = 7CD6D99016974416004BCB15 /* GCSE-Physics-AQA-Examination-Coverage.pdf */; };
		7CD6D99D16974489004BCB15 /* Coverage.m in Sources */ = {isa = PBXBuildFile; fileRef = 7CD6D9981697442C004BCB15 /* Coverage.m */; };
		7CD6D99E16974489004BCB15 /* CoverageViewer.m in Sources */ = {isa = PBXBuildFile; fileRef = 7CD6D99A1697442C004BCB15 /* CoverageViewer.m */; };
		7CF86CD016FB0E3000D3452B /* HowtouseVideoStreamer.pdf in Resources */ = {isa = PBXBuildFile; fileRef = 7CF86CCF16FB0E3000D3452B /* HowtouseVideoStreamer.pdf */; };
/* End PBXBuildFile section */

/* Begin PBXFileReference section */
		7C1E237018127CCC00F2F842 /* Images.xcassets */ = {isa = PBXFileReference; lastKnownFileType = folder.assetcatalog; path = Images.xcassets; sourceTree = "<group>"; };
		7C1E237218127D7B00F2F842 /* GCSE.entitlements */ = {isa = PBXFileReference; lastKnownFileType = text.xml; path = GCSE.entitlements; sourceTree = "<group>"; };
		7C239E5017AD1BF000794B2C /* TransparentToolBar.h */ = {isa = PBXFileReference; lastKnownFileType = sourcecode.c.h; path = TransparentToolBar.h; sourceTree = "<group>"; };
		7C239E5117AD1BF000794B2C /* TransparentToolBar.m */ = {isa = PBXFileReference; lastKnownFileType = sourcecode.c.objc; path = TransparentToolBar.m; sourceTree = "<group>"; };
		7C5E8A1F15FA159000E4DBAC /* GCSE.app */ = {isa = PBXFileReference; explicitFileType = wrapper.application; includeInIndex = 0; path = GCSE.app; sourceTree = BUILT_PRODUCTS_DIR; };
		7C5E8A2315FA159000E4DBAC /* UIKit.framework */ = {isa = PBXFileReference; lastKnownFileType = wrapper.framework; name = UIKit.framework; path = System/Library/Frameworks/UIKit.framework; sourceTree = SDKROOT; };
		7C5E8A2515FA159000E4DBAC /* Foundation.framework */ = {isa = PBXFileReference; lastKnownFileType = wrapper.framework; name = Foundation.framework; path = System/Library/Frameworks/Foundation.framework; sourceTree = SDKROOT; };
		7C5E8A2715FA159000E4DBAC /* CoreGraphics.framework */ = {isa = PBXFileReference; lastKnownFileType = wrapper.framework; name = CoreGraphics.framework; path = System/Library/Frameworks/CoreGraphics.framework; sourceTree = SDKROOT; };
		7C5E8A2B15FA159000E4DBAC /* PhysicsVideoStreameriPhone-Info.plist */ = {isa = PBXFileReference; lastKnownFileType = text.plist.xml; path = "PhysicsVideoStreameriPhone-Info.plist"; sourceTree = "<group>"; };
		7C5E8A2D15FA159000E4DBAC /* en */ = {isa = PBXFileReference; lastKnownFileType = text.plist.strings; name = en; path = en.lproj/InfoPlist.strings; sourceTree = "<group>"; };
		7C5E8A2F15FA159000E4DBAC /* main.m */ = {isa = PBXFileReference; lastKnownFileType = sourcecode.c.objc; path = main.m; sourceTree = "<group>"; };
		7C5E8A3115FA159000E4DBAC /* PhysicsVideoStreameriPhone-Prefix.pch */ = {isa = PBXFileReference; lastKnownFileType = sourcecode.c.h; path = "PhysicsVideoStreameriPhone-Prefix.pch"; sourceTree = "<group>"; };
		7C5E8A4F15FA15DD00E4DBAC /* Facebook.h */ = {isa = PBXFileReference; fileEncoding = 4; lastKnownFileType = sourcecode.c.h; path = Facebook.h; sourceTree = "<group>"; };
		7C5E8A5015FA15DD00E4DBAC /* FBConnect.h */ = {isa = PBXFileReference; fileEncoding = 4; lastKnownFileType = sourcecode.c.h; path = FBConnect.h; sourceTree = "<group>"; };
		7C5E8A5115FA15DD00E4DBAC /* FBDialog.bundle */ = {isa = PBXFileReference; lastKnownFileType = "wrapper.plug-in"; path = FBDialog.bundle; sourceTree = "<group>"; };
		7C5E8A5215FA15DD00E4DBAC /* FBDialog.h */ = {isa = PBXFileReference; fileEncoding = 4; lastKnownFileType = sourcecode.c.h; path = FBDialog.h; sourceTree = "<group>"; };
		7C5E8A5315FA15DD00E4DBAC /* FBFrictionlessRequestSettings.h */ = {isa = PBXFileReference; fileEncoding = 4; lastKnownFileType = sourcecode.c.h; path = FBFrictionlessRequestSettings.h; sourceTree = "<group>"; };
		7C5E8A5415FA15DD00E4DBAC /* FBLoginDialog.h */ = {isa = PBXFileReference; fileEncoding = 4; lastKnownFileType = sourcecode.c.h; path = FBLoginDialog.h; sourceTree = "<group>"; };
		7C5E8A5515FA15DD00E4DBAC /* FBRequest.h */ = {isa = PBXFileReference; fileEncoding = 4; lastKnownFileType = sourcecode.c.h; path = FBRequest.h; sourceTree = "<group>"; };
		7C5E8A5615FA15DD00E4DBAC /* JSON.h */ = {isa = PBXFileReference; fileEncoding = 4; lastKnownFileType = sourcecode.c.h; path = JSON.h; sourceTree = "<group>"; };
		7C5E8A5715FA15DD00E4DBAC /* libfacebook_ios_sdk.a */ = {isa = PBXFileReference; lastKnownFileType = archive.ar; path = libfacebook_ios_sdk.a; sourceTree = "<group>"; };
		7C5E8A5815FA15DD00E4DBAC /* NSObject+SBJSON.h */ = {isa = PBXFileReference; fileEncoding = 4; lastKnownFileType = sourcecode.c.h; path = "NSObject+SBJSON.h"; sourceTree = "<group>"; };
		7C5E8A5915FA15DD00E4DBAC /* NSString+SBJSON.h */ = {isa = PBXFileReference; fileEncoding = 4; lastKnownFileType = sourcecode.c.h; path = "NSString+SBJSON.h"; sourceTree = "<group>"; };
		7C5E8A5A15FA15DD00E4DBAC /* SBJSON.h */ = {isa = PBXFileReference; fileEncoding = 4; lastKnownFileType = sourcecode.c.h; path = SBJSON.h; sourceTree = "<group>"; };
		7C5E8A5B15FA15DD00E4DBAC /* SBJsonBase.h */ = {isa = PBXFileReference; fileEncoding = 4; lastKnownFileType = sourcecode.c.h; path = SBJsonBase.h; sourceTree = "<group>"; };
		7C5E8A5C15FA15DD00E4DBAC /* SBJsonParser.h */ = {isa = PBXFileReference; fileEncoding = 4; lastKnownFileType = sourcecode.c.h; path = SBJsonParser.h; sourceTree = "<group>"; };
		7C5E8A5D15FA15DD00E4DBAC /* SBJsonWriter.h */ = {isa = PBXFileReference; fileEncoding = 4; lastKnownFileType = sourcecode.c.h; path = SBJsonWriter.h; sourceTree = "<group>"; };
		7C5E8A6115FA15F800E4DBAC /* GANTracker.h */ = {isa = PBXFileReference; lastKnownFileType = sourcecode.c.h; path = GANTracker.h; sourceTree = "<group>"; };
		7C5E8A6215FA15F800E4DBAC /* libGoogleAnalytics.a */ = {isa = PBXFileReference; lastKnownFileType = archive.ar; path = libGoogleAnalytics.a; sourceTree = "<group>"; };
		7C5E8A6515FA164400E4DBAC /* ConfigObject.h */ = {isa = PBXFileReference; lastKnownFileType = sourcecode.c.h; path = ConfigObject.h; sourceTree = "<group>"; };
		7C5E8A6615FA164400E4DBAC /* ConfigObject.m */ = {isa = PBXFileReference; lastKnownFileType = sourcecode.c.objc; path = ConfigObject.m; sourceTree = "<group>"; };
		7C5E8A6A15FA166800E4DBAC /* AdminDashBoard.h */ = {isa = PBXFileReference; lastKnownFileType = sourcecode.c.h; path = AdminDashBoard.h; sourceTree = "<group>"; };
		7C5E8A6B15FA166800E4DBAC /* AdminDashBoard.m */ = {isa = PBXFileReference; lastKnownFileType = sourcecode.c.objc; path = AdminDashBoard.m; sourceTree = "<group>"; };
		7C5E8A6C15FA166800E4DBAC /* Report.h */ = {isa = PBXFileReference; lastKnownFileType = sourcecode.c.h; path = Report.h; sourceTree = "<group>"; };
		7C5E8A6D15FA166800E4DBAC /* Report.m */ = {isa = PBXFileReference; lastKnownFileType = sourcecode.c.objc; path = Report.m; sourceTree = "<group>"; };
		7C5E8A6E15FA166800E4DBAC /* Help.h */ = {isa = PBXFileReference; lastKnownFileType = sourcecode.c.h; path = Help.h; sourceTree = "<group>"; };
		7C5E8A6F15FA166800E4DBAC /* Help.m */ = {isa = PBXFileReference; lastKnownFileType = sourcecode.c.objc; path = Help.m; sourceTree = "<group>"; };
		7C5E8A7015FA166800E4DBAC /* TermsAndConditions.h */ = {isa = PBXFileReference; lastKnownFileType = sourcecode.c.h; path = TermsAndConditions.h; sourceTree = "<group>"; };
		7C5E8A7115FA166800E4DBAC /* TermsAndConditions.m */ = {isa = PBXFileReference; lastKnownFileType = sourcecode.c.objc; path = TermsAndConditions.m; sourceTree = "<group>"; };
		7C5E8A7215FA166800E4DBAC /* HowtoUse.h */ = {isa = PBXFileReference; lastKnownFileType = sourcecode.c.h; path = HowtoUse.h; sourceTree = "<group>"; };
		7C5E8A7315FA166800E4DBAC /* HowtoUse.m */ = {isa = PBXFileReference; lastKnownFileType = sourcecode.c.objc; path = HowtoUse.m; sourceTree = "<group>"; };
		7C5E8A7515FA168800E4DBAC /* Start.h */ = {isa = PBXFileReference; lastKnownFileType = sourcecode.c.h; path = Start.h; sourceTree = "<group>"; };
		7C5E8A7615FA168800E4DBAC /* Start.m */ = {isa = PBXFileReference; lastKnownFileType = sourcecode.c.objc; path = Start.m; sourceTree = "<group>"; };
		7C5E8A7715FA168800E4DBAC /* FreeVideosClass.h */ = {isa = PBXFileReference; lastKnownFileType = sourcecode.c.h; path = FreeVideosClass.h; sourceTree = "<group>"; };
		7C5E8A7815FA168800E4DBAC /* FreeVideosClass.m */ = {isa = PBXFileReference; lastKnownFileType = sourcecode.c.objc; lineEnding = 0; path = FreeVideosClass.m; sourceTree = "<group>"; xcLanguageSpecificationIdentifier = xcode.lang.objc; };
		7C5E8A7915FA168800E4DBAC /* VideoPlayer.h */ = {isa = PBXFileReference; lastKnownFileType = sourcecode.c.h; path = VideoPlayer.h; sourceTree = "<group>"; };
		7C5E8A7A15FA168800E4DBAC /* VideoPlayer.m */ = {isa = PBXFileReference; lastKnownFileType = sourcecode.c.objc; path = VideoPlayer.m; sourceTree = "<group>"; };
		7C5E8A7B15FA168800E4DBAC /* Buy.h */ = {isa = PBXFileReference; lastKnownFileType = sourcecode.c.h; path = Buy.h; sourceTree = "<group>"; };
		7C5E8A7C15FA168800E4DBAC /* Buy.m */ = {isa = PBXFileReference; lastKnownFileType = sourcecode.c.objc; path = Buy.m; sourceTree = "<group>"; };
		7C5E8A7D15FA168800E4DBAC /* CustomStoreObserver.h */ = {isa = PBXFileReference; lastKnownFileType = sourcecode.c.h; path = CustomStoreObserver.h; sourceTree = "<group>"; };
		7C5E8A7E15FA168800E4DBAC /* CustomStoreObserver.m */ = {isa = PBXFileReference; lastKnownFileType = sourcecode.c.objc; lineEnding = 0; path = CustomStoreObserver.m; sourceTree = "<group>"; xcLanguageSpecificationIdentifier = xcode.lang.objc; };
		7C5E8A7F15FA168800E4DBAC /* CustomCell.h */ = {isa = PBXFileReference; lastKnownFileType = sourcecode.c.h; path = CustomCell.h; sourceTree = "<group>"; };
		7C5E8A8015FA168800E4DBAC /* CustomCell.m */ = {isa = PBXFileReference; lastKnownFileType = sourcecode.c.objc; path = CustomCell.m; sourceTree = "<group>"; };
		7C5E8A8115FA168800E4DBAC /* Share.h */ = {isa = PBXFileReference; lastKnownFileType = sourcecode.c.h; path = Share.h; sourceTree = "<group>"; };
		7C5E8A8215FA168800E4DBAC /* Share.m */ = {isa = PBXFileReference; lastKnownFileType = sourcecode.c.objc; path = Share.m; sourceTree = "<group>"; };
		7C5E8AAD15FA179500E4DBAC /* AppDelegate.h */ = {isa = PBXFileReference; lastKnownFileType = sourcecode.c.h; path = AppDelegate.h; sourceTree = "<group>"; };
		7C5E8AAE15FA179500E4DBAC /* AppDelegate.m */ = {isa = PBXFileReference; lastKnownFileType = sourcecode.c.objc; lineEnding = 0; path = AppDelegate.m; sourceTree = "<group>"; xcLanguageSpecificationIdentifier = xcode.lang.objc; };
		7C5E8AAF15FA179500E4DBAC /* TabBar.h */ = {isa = PBXFileReference; lastKnownFileType = sourcecode.c.h; path = TabBar.h; sourceTree = "<group>"; };
		7C5E8AB015FA179500E4DBAC /* TabBar.m */ = {isa = PBXFileReference; lastKnownFileType = sourcecode.c.objc; path = TabBar.m; sourceTree = "<group>"; };
		7C5E8AB115FA179500E4DBAC /* ActivityIndicator.h */ = {isa = PBXFileReference; lastKnownFileType = sourcecode.c.h; path = ActivityIndicator.h; sourceTree = "<group>"; };
		7C5E8AB215FA179500E4DBAC /* ActivityIndicator.m */ = {isa = PBXFileReference; lastKnownFileType = sourcecode.c.objc; path = ActivityIndicator.m; sourceTree = "<group>"; };
		7C5E8AB415FA195000E4DBAC /* Reachability.h */ = {isa = PBXFileReference; lastKnownFileType = sourcecode.c.h; path = Reachability.h; sourceTree = "<group>"; };
		7C5E8AB515FA195000E4DBAC /* Reachability.m */ = {isa = PBXFileReference; lastKnownFileType = sourcecode.c.objc; path = Reachability.m; sourceTree = "<group>"; };
		7C5E8AC815FA19B900E4DBAC /* CFNetwork.framework */ = {isa = PBXFileReference; lastKnownFileType = wrapper.framework; name = CFNetwork.framework; path = System/Library/Frameworks/CFNetwork.framework; sourceTree = SDKROOT; };
		7C5E8ACA15FA19C000E4DBAC /* MessageUI.framework */ = {isa = PBXFileReference; lastKnownFileType = wrapper.framework; name = MessageUI.framework; path = System/Library/Frameworks/MessageUI.framework; sourceTree = SDKROOT; };
		7C5E8ACC15FA19C700E4DBAC /* StoreKit.framework */ = {isa = PBXFileReference; lastKnownFileType = wrapper.framework; name = StoreKit.framework; path = System/Library/Frameworks/StoreKit.framework; sourceTree = SDKROOT; };
		7C5E8ACE15FA19CF00E4DBAC /* MediaPlayer.framework */ = {isa = PBXFileReference; lastKnownFileType = wrapper.framework; name = MediaPlayer.framework; path = System/Library/Frameworks/MediaPlayer.framework; sourceTree = SDKROOT; };
		7C5E8AD015FA19D900E4DBAC /* SystemConfiguration.framework */ = {isa = PBXFileReference; lastKnownFileType = wrapper.framework; name = SystemConfiguration.framework; path = System/Library/Frameworks/SystemConfiguration.framework; sourceTree = SDKROOT; };
		7C5E8AD215FA19E200E4DBAC /* Twitter.framework */ = {isa = PBXFileReference; lastKnownFileType = wrapper.framework; name = Twitter.framework; path = System/Library/Frameworks/Twitter.framework; sourceTree = SDKROOT; };
		7C5E8AD415FA19F800E4DBAC /* libsqlite3.dylib */ = {isa = PBXFileReference; lastKnownFileType = "compiled.mach-o.dylib"; name = libsqlite3.dylib; path = usr/lib/libsqlite3.dylib; sourceTree = SDKROOT; };
		7C6BE4BD16E7900500122F68 /* ListCell.h */ = {isa = PBXFileReference; lastKnownFileType = sourcecode.c.h; path = ListCell.h; sourceTree = "<group>"; };
		7C6BE4BE16E7900500122F68 /* ListCell.m */ = {isa = PBXFileReference; lastKnownFileType = sourcecode.c.objc; path = ListCell.m; sourceTree = "<group>"; };
		7C87DEAA1735339C00D5C5AB /* LearnersCloudSamplesVideos.h */ = {isa = PBXFileReference; lastKnownFileType = sourcecode.c.h; path = LearnersCloudSamplesVideos.h; sourceTree = "<group>"; };
		7C87DEAB1735339C00D5C5AB /* LearnersCloudSamplesVideos.m */ = {isa = PBXFileReference; lastKnownFileType = sourcecode.c.objc; path = LearnersCloudSamplesVideos.m; sourceTree = "<group>"; };
		7C87DEAC173533C200D5C5AB /* MainWindow.xib */ = {isa = PBXFileReference; fileEncoding = 4; lastKnownFileType = file.xib; path = MainWindow.xib; sourceTree = "<group>"; };
		7C87DEAE173533D900D5C5AB /* TrailerPlayer.h */ = {isa = PBXFileReference; lastKnownFileType = sourcecode.c.h; path = TrailerPlayer.h; sourceTree = "<group>"; };
		7C87DEAF173533D900D5C5AB /* TrailerPlayer.m */ = {isa = PBXFileReference; lastKnownFileType = sourcecode.c.objc; path = TrailerPlayer.m; sourceTree = "<group>"; };
		7C87DEB21735342600D5C5AB /* AVFoundation.framework */ = {isa = PBXFileReference; lastKnownFileType = wrapper.framework; name = AVFoundation.framework; path = System/Library/Frameworks/AVFoundation.framework; sourceTree = SDKROOT; };
		7CAE9EE31626CD0200474CD2 /* UnderlinedButton.h */ = {isa = PBXFileReference; lastKnownFileType = sourcecode.c.h; path = UnderlinedButton.h; sourceTree = "<group>"; };
		7CAE9EE41626CD0200474CD2 /* UnderlinedButton.m */ = {isa = PBXFileReference; lastKnownFileType = sourcecode.c.objc; path = UnderlinedButton.m; sourceTree = "<group>"; };
		7CAE9EF31626DCF100474CD2 /* LearnersCloudTermsonapps.pdf */ = {isa = PBXFileReference; lastKnownFileType = image.pdf; path = LearnersCloudTermsonapps.pdf; sourceTree = "<group>"; };
		7CD6D98B16974416004BCB15 /* GCSE-Physics-WJEC-Examination-Coverage.pdf */ = {isa = PBXFileReference; lastKnownFileType = image.pdf; path = "GCSE-Physics-WJEC-Examination-Coverage.pdf"; sourceTree = "<group>"; };
		7CD6D98C16974416004BCB15 /* GCSE-Physics-OCR-Gateway-B-Examination-Coverage.pdf */ = {isa = PBXFileReference; lastKnownFileType = image.pdf; path = "GCSE-Physics-OCR-Gateway-B-Examination-Coverage.pdf"; sourceTree = "<group>"; };
		7CD6D98D16974416004BCB15 /* GCSE-Physics-OCR-21st-Century-A-Examination Coverage.pdf */ = {isa = PBXFileReference; lastKnownFileType = image.pdf; path = "GCSE-Physics-OCR-21st-Century-A-Examination Coverage.pdf"; sourceTree = "<group>"; };
		7CD6D98E16974416004BCB15 /* GCSE-Physics-Edexcel-Examination-Coverage.pdf */ = {isa = PBXFileReference; lastKnownFileType = image.pdf; path = "GCSE-Physics-Edexcel-Examination-Coverage.pdf"; sourceTree = "<group>"; };
		7CD6D98F16974416004BCB15 /* GCSE-Physics-CCEA-Examination-Coverage.pdf */ = {isa = PBXFileReference; lastKnownFileType = image.pdf; path = "GCSE-Physics-CCEA-Examination-Coverage.pdf"; sourceTree = "<group>"; };
		7CD6D99016974416004BCB15 /* GCSE-Physics-AQA-Examination-Coverage.pdf */ = {isa = PBXFileReference; lastKnownFileType = image.pdf; path = "GCSE-Physics-AQA-Examination-Coverage.pdf"; sourceTree = "<group>"; };
		7CD6D9971697442C004BCB15 /* Coverage.h */ = {isa = PBXFileReference; lastKnownFileType = sourcecode.c.h; path = Coverage.h; sourceTree = "<group>"; };
		7CD6D9981697442C004BCB15 /* Coverage.m */ = {isa = PBXFileReference; lastKnownFileType = sourcecode.c.objc; path = Coverage.m; sourceTree = "<group>"; };
		7CD6D9991697442C004BCB15 /* CoverageViewer.h */ = {isa = PBXFileReference; lastKnownFileType = sourcecode.c.h; path = CoverageViewer.h; sourceTree = "<group>"; };
		7CD6D99A1697442C004BCB15 /* CoverageViewer.m */ = {isa = PBXFileReference; lastKnownFileType = sourcecode.c.objc; path = CoverageViewer.m; sourceTree = "<group>"; };
		7CF86CCF16FB0E3000D3452B /* HowtouseVideoStreamer.pdf */ = {isa = PBXFileReference; lastKnownFileType = image.pdf; path = HowtouseVideoStreamer.pdf; sourceTree = "<group>"; };
/* End PBXFileReference section */

/* Begin PBXFrameworksBuildPhase section */
		7C5E8A1C15FA159000E4DBAC /* Frameworks */ = {
			isa = PBXFrameworksBuildPhase;
			buildActionMask = 2147483647;
			files = (
				7C87DEB31735342600D5C5AB /* AVFoundation.framework in Frameworks */,
				7C5E8A5F15FA15DD00E4DBAC /* libfacebook_ios_sdk.a in Frameworks */,
				7C5E8B8215FA216300E4DBAC /* libGoogleAnalytics.a in Frameworks */,
				7C5E8AD515FA19F800E4DBAC /* libsqlite3.dylib in Frameworks */,
				7C5E8AD315FA19E200E4DBAC /* Twitter.framework in Frameworks */,
				7C5E8AD115FA19D900E4DBAC /* SystemConfiguration.framework in Frameworks */,
				7C5E8ACF15FA19CF00E4DBAC /* MediaPlayer.framework in Frameworks */,
				7C5E8ACD15FA19C700E4DBAC /* StoreKit.framework in Frameworks */,
				7C5E8ACB15FA19C000E4DBAC /* MessageUI.framework in Frameworks */,
				7C5E8AC915FA19B900E4DBAC /* CFNetwork.framework in Frameworks */,
				7C5E8A2415FA159000E4DBAC /* UIKit.framework in Frameworks */,
				7C5E8A2615FA159000E4DBAC /* Foundation.framework in Frameworks */,
				7C5E8A2815FA159000E4DBAC /* CoreGraphics.framework in Frameworks */,
			);
			runOnlyForDeploymentPostprocessing = 0;
		};
/* End PBXFrameworksBuildPhase section */

/* Begin PBXGroup section */
		7C5E8A1415FA158F00E4DBAC = {
			isa = PBXGroup;
			children = (
				7C6BE4BC16E78FF400122F68 /* Table Cells */,
				7CD6D98916974405004BCB15 /* Files */,
				7C5E8A4E15FA15DD00E4DBAC /* facebook-ios-sdk */,
				7C5E8A6015FA15EA00E4DBAC /* Analytics */,
				7C5E8A6315FA161100E4DBAC /* Video images */,
				7C5E8A6415FA163600E4DBAC /* Data Models */,
				7C5E8A6715FA165400E4DBAC /* Classes */,
				7C5E8A7415FA167800E4DBAC /* ClientSideClasses */,
				7C5E8A8315FA169A00E4DBAC /* Resource */,
				7C5E8A9815FA170D00E4DBAC /* Icons */,
				7C5E8A2915FA159000E4DBAC /* PhysicsVideoStreameriPhone */,
				7C5E8A2215FA159000E4DBAC /* Frameworks */,
				7C5E8A2015FA159000E4DBAC /* Products */,
			);
			sourceTree = "<group>";
		};
		7C5E8A2015FA159000E4DBAC /* Products */ = {
			isa = PBXGroup;
			children = (
				7C5E8A1F15FA159000E4DBAC /* GCSE.app */,
			);
			name = Products;
			sourceTree = "<group>";
		};
		7C5E8A2215FA159000E4DBAC /* Frameworks */ = {
			isa = PBXGroup;
			children = (
				7C5E8AB415FA195000E4DBAC /* Reachability.h */,
				7C5E8AB515FA195000E4DBAC /* Reachability.m */,
				7C5E8AD415FA19F800E4DBAC /* libsqlite3.dylib */,
				7C87DEB21735342600D5C5AB /* AVFoundation.framework */,
				7C5E8AD215FA19E200E4DBAC /* Twitter.framework */,
				7C5E8AD015FA19D900E4DBAC /* SystemConfiguration.framework */,
				7C5E8ACE15FA19CF00E4DBAC /* MediaPlayer.framework */,
				7C5E8ACC15FA19C700E4DBAC /* StoreKit.framework */,
				7C5E8ACA15FA19C000E4DBAC /* MessageUI.framework */,
				7C5E8AC815FA19B900E4DBAC /* CFNetwork.framework */,
				7C5E8A2315FA159000E4DBAC /* UIKit.framework */,
				7C5E8A2515FA159000E4DBAC /* Foundation.framework */,
				7C5E8A2715FA159000E4DBAC /* CoreGraphics.framework */,
			);
			name = Frameworks;
			sourceTree = "<group>";
		};
		7C5E8A2915FA159000E4DBAC /* PhysicsVideoStreameriPhone */ = {
			isa = PBXGroup;
			children = (
				7C1E237218127D7B00F2F842 /* GCSE.entitlements */,
				7C5E8AAD15FA179500E4DBAC /* AppDelegate.h */,
				7C5E8AAE15FA179500E4DBAC /* AppDelegate.m */,
				7C87DEAC173533C200D5C5AB /* MainWindow.xib */,
				7C5E8AAF15FA179500E4DBAC /* TabBar.h */,
				7C5E8AB015FA179500E4DBAC /* TabBar.m */,
				7CAE9EE31626CD0200474CD2 /* UnderlinedButton.h */,
				7CAE9EE41626CD0200474CD2 /* UnderlinedButton.m */,
				7C5E8AB115FA179500E4DBAC /* ActivityIndicator.h */,
				7C5E8AB215FA179500E4DBAC /* ActivityIndicator.m */,
				7C239E5017AD1BF000794B2C /* TransparentToolBar.h */,
				7C239E5117AD1BF000794B2C /* TransparentToolBar.m */,
				7C5E8A2B15FA159000E4DBAC /* PhysicsVideoStreameriPhone-Info.plist */,
				7C5E8A2C15FA159000E4DBAC /* InfoPlist.strings */,
				7C5E8A2F15FA159000E4DBAC /* main.m */,
				7C5E8A3115FA159000E4DBAC /* PhysicsVideoStreameriPhone-Prefix.pch */,
				7C1E237018127CCC00F2F842 /* Images.xcassets */,
			);
			path = PhysicsVideoStreameriPhone;
			sourceTree = "<group>";
		};
		7C5E8A4E15FA15DD00E4DBAC /* facebook-ios-sdk */ = {
			isa = PBXGroup;
			children = (
				7C5E8A4F15FA15DD00E4DBAC /* Facebook.h */,
				7C5E8A5015FA15DD00E4DBAC /* FBConnect.h */,
				7C5E8A5115FA15DD00E4DBAC /* FBDialog.bundle */,
				7C5E8A5215FA15DD00E4DBAC /* FBDialog.h */,
				7C5E8A5315FA15DD00E4DBAC /* FBFrictionlessRequestSettings.h */,
				7C5E8A5415FA15DD00E4DBAC /* FBLoginDialog.h */,
				7C5E8A5515FA15DD00E4DBAC /* FBRequest.h */,
				7C5E8A5615FA15DD00E4DBAC /* JSON.h */,
				7C5E8A5715FA15DD00E4DBAC /* libfacebook_ios_sdk.a */,
				7C5E8A5815FA15DD00E4DBAC /* NSObject+SBJSON.h */,
				7C5E8A5915FA15DD00E4DBAC /* NSString+SBJSON.h */,
				7C5E8A5A15FA15DD00E4DBAC /* SBJSON.h */,
				7C5E8A5B15FA15DD00E4DBAC /* SBJsonBase.h */,
				7C5E8A5C15FA15DD00E4DBAC /* SBJsonParser.h */,
				7C5E8A5D15FA15DD00E4DBAC /* SBJsonWriter.h */,
			);
			path = "facebook-ios-sdk";
			sourceTree = "<group>";
		};
		7C5E8A6015FA15EA00E4DBAC /* Analytics */ = {
			isa = PBXGroup;
			children = (
				7C5E8A6115FA15F800E4DBAC /* GANTracker.h */,
				7C5E8A6215FA15F800E4DBAC /* libGoogleAnalytics.a */,
			);
			name = Analytics;
			sourceTree = "<group>";
		};
		7C5E8A6315FA161100E4DBAC /* Video images */ = {
			isa = PBXGroup;
			children = (
				7CAE9EF31626DCF100474CD2 /* LearnersCloudTermsonapps.pdf */,
				7CF86CCF16FB0E3000D3452B /* HowtouseVideoStreamer.pdf */,
			);
			name = "Video images";
			sourceTree = "<group>";
		};
		7C5E8A6415FA163600E4DBAC /* Data Models */ = {
			isa = PBXGroup;
			children = (
				7C5E8A6515FA164400E4DBAC /* ConfigObject.h */,
				7C5E8A6615FA164400E4DBAC /* ConfigObject.m */,
			);
			name = "Data Models";
			sourceTree = "<group>";
		};
		7C5E8A6715FA165400E4DBAC /* Classes */ = {
			isa = PBXGroup;
			children = (
				7C87DEAA1735339C00D5C5AB /* LearnersCloudSamplesVideos.h */,
				7C87DEAB1735339C00D5C5AB /* LearnersCloudSamplesVideos.m */,
				7C5E8A6A15FA166800E4DBAC /* AdminDashBoard.h */,
				7C5E8A6B15FA166800E4DBAC /* AdminDashBoard.m */,
				7C5E8A6C15FA166800E4DBAC /* Report.h */,
				7C5E8A6D15FA166800E4DBAC /* Report.m */,
				7C5E8A6E15FA166800E4DBAC /* Help.h */,
				7C5E8A6F15FA166800E4DBAC /* Help.m */,
				7C5E8A7015FA166800E4DBAC /* TermsAndConditions.h */,
				7C5E8A7115FA166800E4DBAC /* TermsAndConditions.m */,
				7C5E8A7215FA166800E4DBAC /* HowtoUse.h */,
				7C5E8A7315FA166800E4DBAC /* HowtoUse.m */,
				7CD6D9971697442C004BCB15 /* Coverage.h */,
				7CD6D9981697442C004BCB15 /* Coverage.m */,
				7CD6D9991697442C004BCB15 /* CoverageViewer.h */,
				7CD6D99A1697442C004BCB15 /* CoverageViewer.m */,
			);
			name = Classes;
			sourceTree = "<group>";
		};
		7C5E8A7415FA167800E4DBAC /* ClientSideClasses */ = {
			isa = PBXGroup;
			children = (
				7C5E8A7515FA168800E4DBAC /* Start.h */,
				7C5E8A7615FA168800E4DBAC /* Start.m */,
				7C5E8A7715FA168800E4DBAC /* FreeVideosClass.h */,
				7C5E8A7815FA168800E4DBAC /* FreeVideosClass.m */,
				7C5E8A7915FA168800E4DBAC /* VideoPlayer.h */,
				7C5E8A7A15FA168800E4DBAC /* VideoPlayer.m */,
				7C5E8A7B15FA168800E4DBAC /* Buy.h */,
				7C5E8A7C15FA168800E4DBAC /* Buy.m */,
				7C5E8A7D15FA168800E4DBAC /* CustomStoreObserver.h */,
				7C5E8A7E15FA168800E4DBAC /* CustomStoreObserver.m */,
				7C5E8A7F15FA168800E4DBAC /* CustomCell.h */,
				7C5E8A8015FA168800E4DBAC /* CustomCell.m */,
				7C5E8A8115FA168800E4DBAC /* Share.h */,
				7C5E8A8215FA168800E4DBAC /* Share.m */,
				7C87DEAE173533D900D5C5AB /* TrailerPlayer.h */,
				7C87DEAF173533D900D5C5AB /* TrailerPlayer.m */,
			);
			name = ClientSideClasses;
			sourceTree = "<group>";
		};
		7C5E8A8315FA169A00E4DBAC /* Resource */ = {
			isa = PBXGroup;
			children = (
			);
			name = Resource;
			sourceTree = "<group>";
		};
		7C5E8A9815FA170D00E4DBAC /* Icons */ = {
			isa = PBXGroup;
			children = (
			);
			name = Icons;
			sourceTree = "<group>";
		};
		7C6BE4BC16E78FF400122F68 /* Table Cells */ = {
			isa = PBXGroup;
			children = (
				7C6BE4BD16E7900500122F68 /* ListCell.h */,
				7C6BE4BE16E7900500122F68 /* ListCell.m */,
			);
			name = "Table Cells";
			sourceTree = "<group>";
		};
		7CD6D98916974405004BCB15 /* Files */ = {
			isa = PBXGroup;
			children = (
				7CD6D98B16974416004BCB15 /* GCSE-Physics-WJEC-Examination-Coverage.pdf */,
				7CD6D98C16974416004BCB15 /* GCSE-Physics-OCR-Gateway-B-Examination-Coverage.pdf */,
				7CD6D98D16974416004BCB15 /* GCSE-Physics-OCR-21st-Century-A-Examination Coverage.pdf */,
				7CD6D98E16974416004BCB15 /* GCSE-Physics-Edexcel-Examination-Coverage.pdf */,
				7CD6D98F16974416004BCB15 /* GCSE-Physics-CCEA-Examination-Coverage.pdf */,
				7CD6D99016974416004BCB15 /* GCSE-Physics-AQA-Examination-Coverage.pdf */,
			);
			name = Files;
			sourceTree = "<group>";
		};
/* End PBXGroup section */

/* Begin PBXNativeTarget section */
		7C5E8A1E15FA159000E4DBAC /* PhysicsVideoStreameriPhone */ = {
			isa = PBXNativeTarget;
			buildConfigurationList = 7C5E8A4B15FA159100E4DBAC /* Build configuration list for PBXNativeTarget "PhysicsVideoStreameriPhone" */;
			buildPhases = (
				7C5E8A1B15FA159000E4DBAC /* Sources */,
				7C5E8A1C15FA159000E4DBAC /* Frameworks */,
				7C5E8A1D15FA159000E4DBAC /* Resources */,
			);
			buildRules = (
			);
			dependencies = (
			);
			name = PhysicsVideoStreameriPhone;
			productName = PhysicsVideoStreameriPhone;
			productReference = 7C5E8A1F15FA159000E4DBAC /* GCSE.app */;
			productType = "com.apple.product-type.application";
		};
/* End PBXNativeTarget section */

/* Begin PBXProject section */
		7C5E8A1615FA159000E4DBAC /* Project object */ = {
			isa = PBXProject;
			attributes = {
				LastUpgradeCheck = 0600;
				ORGANIZATIONNAME = caxtonidowu;
				TargetAttributes = {
					7C5E8A1E15FA159000E4DBAC = {
						DevelopmentTeam = 9RNCM436XC;
						SystemCapabilities = {
							com.apple.iCloud = {
								enabled = 1;
							};
						};
					};
				};
			};
			buildConfigurationList = 7C5E8A1915FA159000E4DBAC /* Build configuration list for PBXProject "PhysicsVideoStreameriPhone" */;
			compatibilityVersion = "Xcode 3.2";
			developmentRegion = English;
			hasScannedForEncodings = 0;
			knownRegions = (
				en,
			);
			mainGroup = 7C5E8A1415FA158F00E4DBAC;
			productRefGroup = 7C5E8A2015FA159000E4DBAC /* Products */;
			projectDirPath = "";
			projectRoot = "";
			targets = (
				7C5E8A1E15FA159000E4DBAC /* PhysicsVideoStreameriPhone */,
			);
		};
/* End PBXProject section */

/* Begin PBXResourcesBuildPhase section */
		7C5E8A1D15FA159000E4DBAC /* Resources */ = {
			isa = PBXResourcesBuildPhase;
			buildActionMask = 2147483647;
			files = (
				7C5E8A2E15FA159000E4DBAC /* InfoPlist.strings in Resources */,
				7C5E8A5E15FA15DD00E4DBAC /* FBDialog.bundle in Resources */,
				7C1E237118127CCC00F2F842 /* Images.xcassets in Resources */,
				7CAE9EF41626DCF100474CD2 /* LearnersCloudTermsonapps.pdf in Resources */,
				7CD6D99116974416004BCB15 /* GCSE-Physics-WJEC-Examination-Coverage.pdf in Resources */,
				7CD6D99216974416004BCB15 /* GCSE-Physics-OCR-Gateway-B-Examination-Coverage.pdf in Resources */,
				7CD6D99316974416004BCB15 /* GCSE-Physics-OCR-21st-Century-A-Examination Coverage.pdf in Resources */,
				7CD6D99416974416004BCB15 /* GCSE-Physics-Edexcel-Examination-Coverage.pdf in Resources */,
				7CD6D99516974416004BCB15 /* GCSE-Physics-CCEA-Examination-Coverage.pdf in Resources */,
				7CD6D99616974416004BCB15 /* GCSE-Physics-AQA-Examination-Coverage.pdf in Resources */,
				7CF86CD016FB0E3000D3452B /* HowtouseVideoStreamer.pdf in Resources */,
				7C87DEAD173533C200D5C5AB /* MainWindow.xib in Resources */,
			);
			runOnlyForDeploymentPostprocessing = 0;
		};
/* End PBXResourcesBuildPhase section */

/* Begin PBXSourcesBuildPhase section */
		7C5E8A1B15FA159000E4DBAC /* Sources */ = {
			isa = PBXSourcesBuildPhase;
			buildActionMask = 2147483647;
			files = (
				7C239E5217AD1C0800794B2C /* TransparentToolBar.m in Sources */,
				7C87DEB01735341500D5C5AB /* LearnersCloudSamplesVideos.m in Sources */,
				7C87DEB11735341500D5C5AB /* TrailerPlayer.m in Sources */,
				7C6BE4BF16E791DF00122F68 /* ListCell.m in Sources */,
				7CD6D99D16974489004BCB15 /* Coverage.m in Sources */,
				7CD6D99E16974489004BCB15 /* CoverageViewer.m in Sources */,
				7CAE9EE51626CD1F00474CD2 /* UnderlinedButton.m in Sources */,
				7C5E8AD615FA1A2A00E4DBAC /* Reachability.m in Sources */,
				7C5E8AB615FA198C00E4DBAC /* ConfigObject.m in Sources */,
				7C5E8AB815FA198C00E4DBAC /* AdminDashBoard.m in Sources */,
				7C5E8AB915FA198C00E4DBAC /* Report.m in Sources */,
				7C5E8ABA15FA198C00E4DBAC /* Help.m in Sources */,
				7C5E8ABB15FA198C00E4DBAC /* TermsAndConditions.m in Sources */,
				7C5E8ABC15FA198C00E4DBAC /* HowtoUse.m in Sources */,
				7C5E8ABD15FA198C00E4DBAC /* Start.m in Sources */,
				7C5E8ABE15FA198C00E4DBAC /* FreeVideosClass.m in Sources */,
				7C5E8ABF15FA198C00E4DBAC /* VideoPlayer.m in Sources */,
				7C5E8AC015FA198C00E4DBAC /* Buy.m in Sources */,
				7C5E8AC115FA198C00E4DBAC /* CustomStoreObserver.m in Sources */,
				7C5E8AC215FA198C00E4DBAC /* CustomCell.m in Sources */,
				7C5E8AC315FA198C00E4DBAC /* Share.m in Sources */,
				7C5E8AC415FA198C00E4DBAC /* AppDelegate.m in Sources */,
				7C5E8AC515FA198C00E4DBAC /* TabBar.m in Sources */,
				7C5E8AC615FA198C00E4DBAC /* ActivityIndicator.m in Sources */,
				7C5E8A3015FA159000E4DBAC /* main.m in Sources */,
			);
			runOnlyForDeploymentPostprocessing = 0;
		};
/* End PBXSourcesBuildPhase section */

/* Begin PBXVariantGroup section */
		7C5E8A2C15FA159000E4DBAC /* InfoPlist.strings */ = {
			isa = PBXVariantGroup;
			children = (
				7C5E8A2D15FA159000E4DBAC /* en */,
			);
			name = InfoPlist.strings;
			sourceTree = "<group>";
		};
/* End PBXVariantGroup section */

/* Begin XCBuildConfiguration section */
		7C5E8A4915FA159100E4DBAC /* Debug */ = {
			isa = XCBuildConfiguration;
			buildSettings = {
				ALWAYS_SEARCH_USER_PATHS = NO;
				CLANG_ENABLE_OBJC_ARC = YES;
				CLANG_WARN_BOOL_CONVERSION = YES;
				CLANG_WARN_CONSTANT_CONVERSION = YES;
				CLANG_WARN_EMPTY_BODY = YES;
				CLANG_WARN_ENUM_CONVERSION = YES;
				CLANG_WARN_INT_CONVERSION = YES;
				CLANG_WARN_UNREACHABLE_CODE = YES;
				CLANG_WARN__DUPLICATE_METHOD_MATCH = YES;
				"CODE_SIGN_IDENTITY[sdk=iphoneos*]" = "iPhone Developer";
				COPY_PHASE_STRIP = NO;
				ENABLE_STRICT_OBJC_MSGSEND = YES;
				GCC_C_LANGUAGE_STANDARD = gnu99;
				GCC_DYNAMIC_NO_PIC = NO;
				GCC_OPTIMIZATION_LEVEL = 0;
				GCC_PREPROCESSOR_DEFINITIONS = (
					"DEBUG=1",
					"$(inherited)",
				);
				GCC_SYMBOLS_PRIVATE_EXTERN = NO;
				GCC_VERSION = com.apple.compilers.llvm.clang.1_0;
				GCC_WARN_64_TO_32_BIT_CONVERSION = YES;
				GCC_WARN_ABOUT_RETURN_TYPE = YES;
				GCC_WARN_UNDECLARED_SELECTOR = YES;
				GCC_WARN_UNINITIALIZED_AUTOS = YES;
				GCC_WARN_UNUSED_FUNCTION = YES;
				GCC_WARN_UNUSED_VARIABLE = YES;
				IPHONEOS_DEPLOYMENT_TARGET = 5.1;
				ONLY_ACTIVE_ARCH = YES;
				SDKROOT = iphoneos;
			};
			name = Debug;
		};
		7C5E8A4A15FA159100E4DBAC /* Release */ = {
			isa = XCBuildConfiguration;
			buildSettings = {
				ALWAYS_SEARCH_USER_PATHS = NO;
				CLANG_ENABLE_OBJC_ARC = YES;
				CLANG_WARN_BOOL_CONVERSION = YES;
				CLANG_WARN_CONSTANT_CONVERSION = YES;
				CLANG_WARN_EMPTY_BODY = YES;
				CLANG_WARN_ENUM_CONVERSION = YES;
				CLANG_WARN_INT_CONVERSION = YES;
				CLANG_WARN_UNREACHABLE_CODE = YES;
				CLANG_WARN__DUPLICATE_METHOD_MATCH = YES;
				"CODE_SIGN_IDENTITY[sdk=iphoneos*]" = "iPhone Developer";
				COPY_PHASE_STRIP = YES;
				ENABLE_STRICT_OBJC_MSGSEND = YES;
				GCC_C_LANGUAGE_STANDARD = gnu99;
				GCC_VERSION = com.apple.compilers.llvm.clang.1_0;
				GCC_WARN_64_TO_32_BIT_CONVERSION = YES;
				GCC_WARN_ABOUT_RETURN_TYPE = YES;
				GCC_WARN_UNDECLARED_SELECTOR = YES;
				GCC_WARN_UNINITIALIZED_AUTOS = YES;
				GCC_WARN_UNUSED_FUNCTION = YES;
				GCC_WARN_UNUSED_VARIABLE = YES;
				IPHONEOS_DEPLOYMENT_TARGET = 5.1;
				OTHER_CFLAGS = "-DNS_BLOCK_ASSERTIONS=1";
				SDKROOT = iphoneos;
				VALIDATE_PRODUCT = YES;
			};
			name = Release;
		};
		7C5E8A4C15FA159100E4DBAC /* Debug */ = {
			isa = XCBuildConfiguration;
			buildSettings = {
				ASSETCATALOG_COMPILER_APPICON_NAME = AppIcon;
				ASSETCATALOG_COMPILER_LAUNCHIMAGE_NAME = LaunchImage;
				CODE_SIGN_ENTITLEMENTS = PhysicsVideoStreameriPhone/GCSE.entitlements;
				CODE_SIGN_IDENTITY = "iPhone Developer";
				"CODE_SIGN_IDENTITY[sdk=iphoneos*]" = "iPhone Developer";
				GCC_PRECOMPILE_PREFIX_HEADER = YES;
				GCC_PREFIX_HEADER = "PhysicsVideoStreameriPhone/PhysicsVideoStreameriPhone-Prefix.pch";
				INFOPLIST_FILE = "PhysicsVideoStreameriPhone/PhysicsVideoStreameriPhone-Info.plist";
				LIBRARY_SEARCH_PATHS = (
					"$(inherited)",
					"\"$(SRCROOT)/facebook-ios-sdk\"",
					"\"$(SRCROOT)\"",
				);
				ONLY_ACTIVE_ARCH = NO;
				PRODUCT_NAME = GCSE;
				PROVISIONING_PROFILE = "";
				VALID_ARCHS = armv7;
				WRAPPER_EXTENSION = app;
			};
			name = Debug;
		};
		7C5E8A4D15FA159100E4DBAC /* Release */ = {
			isa = XCBuildConfiguration;
			buildSettings = {
				ASSETCATALOG_COMPILER_APPICON_NAME = AppIcon;
				ASSETCATALOG_COMPILER_LAUNCHIMAGE_NAME = LaunchImage;
				CODE_SIGN_ENTITLEMENTS = PhysicsVideoStreameriPhone/GCSE.entitlements;
				CODE_SIGN_IDENTITY = "iPhone Developer";
				"CODE_SIGN_IDENTITY[sdk=iphoneos*]" = "iPhone Developer";
				GCC_PRECOMPILE_PREFIX_HEADER = YES;
				GCC_PREFIX_HEADER = "PhysicsVideoStreameriPhone/PhysicsVideoStreameriPhone-Prefix.pch";
				INFOPLIST_FILE = "PhysicsVideoStreameriPhone/PhysicsVideoStreameriPhone-Info.plist";
				LIBRARY_SEARCH_PATHS = (
					"$(inherited)",
					"\"$(SRCROOT)/facebook-ios-sdk\"",
					"\"$(SRCROOT)\"",
				);
				PRODUCT_NAME = GCSE;
				PROVISIONING_PROFILE = "";
				"PROVISIONING_PROFILE[sdk=iphoneos*]" = "";
				VALID_ARCHS = armv7;
				WRAPPER_EXTENSION = app;
			};
			name = Release;
		};
/* End XCBuildConfiguration section */

/* Begin XCConfigurationList section */
		7C5E8A1915FA159000E4DBAC /* Build configuration list for PBXProject "PhysicsVideoStreameriPhone" */ = {
			isa = XCConfigurationList;
			buildConfigurations = (
				7C5E8A4915FA159100E4DBAC /* Debug */,
				7C5E8A4A15FA159100E4DBAC /* Release */,
			);
			defaultConfigurationIsVisible = 0;
			defaultConfigurationName = Release;
		};
		7C5E8A4B15FA159100E4DBAC /* Build configuration list for PBXNativeTarget "PhysicsVideoStreameriPhone" */ = {
			isa = XCConfigurationList;
			buildConfigurations = (
				7C5E8A4C15FA159100E4DBAC /* Debug */,
				7C5E8A4D15FA159100E4DBAC /* Release */,
			);
			defaultConfigurationIsVisible = 0;
			defaultConfigurationName = Release;
		};
/* End XCConfigurationList section */
	};
	rootObject = 7C5E8A1615FA159000E4DBAC /* Project object */;
}
